hash: 967771019ae1c91f5eac0f479bbc64920d6f6f1d83a171ca2920f1dae92082c5
updated: 2017-07-03T15:42:09.936093091+09:00
imports:
- name: cloud.google.com/go
  version: 81b7822b1e798e8f17bf64b59512a5be4097e966
  subpackages:
  - bigquery
  - bigtable
  - bigtable/bttest
  - bigtable/internal/cbtconfig
  - bigtable/internal/gax
  - bigtable/internal/option
  - bigtable/internal/stat
  - civil
  - cmd/go-cloud-debug-agent/internal/breakpoints
  - cmd/go-cloud-debug-agent/internal/controller
  - cmd/go-cloud-debug-agent/internal/valuecollector
  - compute/metadata
  - datastore
  - debugger/apiv2
  - errorreporting/apiv1beta1
  - iam
  - iam/admin/apiv1
  - internal
  - internal/atomiccache
  - internal/fields
  - internal/optional
  - internal/pretty
  - internal/testutil
  - language/apiv1
  - logging
  - logging/apiv2
  - logging/internal
  - logging/internal/testing
  - logging/logadmin
  - longrunning
  - monitoring/apiv3
  - pubsub
  - pubsub/apiv1
  - speech/apiv1beta1
  - storage
  - trace/apiv1
  - translate/internal/translate/v2
  - vision
  - vision/apiv1
- name: github.com/BurntSushi/toml
  version: a368813c5e648fee92e5f6c30e3944ff9d5e8895
- name: github.com/golang/geo
  version: c09b206546d1c7448bee892c56c21cc2bcd7e973
  subpackages:
  - r3
  - s1
- name: github.com/golang/glog
  version: 23def4e6c14b4da8ac2ed8007337bc5eb5007998
- name: github.com/golang/protobuf
  version: 8ee79997227bf9b34611aee7946ae64735e6fd93
  subpackages:
  - descriptor
  - jsonpb/jsonpb_test_proto
  - proto
  - proto/proto3_proto
  - proto/testdata
  - protoc-gen-go/descriptor
  - protoc-gen-go/generator
  - protoc-gen-go/grpc
  - protoc-gen-go/plugin
  - ptypes
  - ptypes/any
  - ptypes/duration
  - ptypes/empty
  - ptypes/struct
  - ptypes/timestamp
  - ptypes/wrappers
- name: github.com/google/go-github
  version: 4c4aea2b66bd1d26305d40a307bfa377d24f9c8c
  subpackages:
  - github
- name: github.com/google/go-querystring
  version: 53e6ce116135b80d037921a7fdd5138cf32d7a8a
  subpackages:
  - query
- name: github.com/googleapis/gax-go
  version: da06d194a00e19ce00d9011a13931c3f6f6887c7
- name: github.com/hashicorp/go-version
  version: 03c5bf6be031b6dd45afec16b1cf94fc8938bc77
- name: github.com/mitchellh/colorstring
  version: 8631ce90f28644f54aeedcb3e389a85174e067d1
- name: github.com/mitchellh/iochan
  version: 87b45ffd0e9581375c491fef3d32130bb15c5bd7
- name: github.com/pkg/errors
  version: c605e284fe17294bda444b34710735b29d1a9d90
- name: github.com/tcnksm/go-gitconfig
  version: 6411ba19847f20afe47f603328d97aaeca6def6f
- name: github.com/tcnksm/go-latest
  version: e3007ae9052ed85144087e7392e4c3fbc07962fa
- name: github.com/urfave/cli
  version: b892ba3809cd07fcf2b064e166b0c2e16e0147bd
- name: go4.org
  version: 034d17a462f7b2dcd1a4a73553ec5357ff6e6c6e
  subpackages:
  - syncutil/singleflight
- name: golang.org/x/crypto
  version: 91902e332b9d47760598861512d2ae148f94ca58
  subpackages:
  - acme
  - acme/autocert
  - ssh/terminal
- name: golang.org/x/debug
  version: e48e17184ecf6cd503223592fb27874c510e44f7
  subpackages:
  - arch
  - dwarf
  - elf
  - local
  - macho
  - server
  - server/protocol
- name: golang.org/x/net
  version: 69d4b8aa71caaaa75c3dfc11211d1be495abec7c
  subpackages:
  - bpf
  - context
  - context/ctxhttp
  - html
  - html/atom
  - html/charset
  - http2
  - http2/hpack
  - icmp
  - idna
  - internal/iana
  - internal/netreflect
  - internal/nettest
  - internal/timeseries
  - ipv4
  - ipv6
  - lex/httplex
  - trace
  - webdav/internal/xml
  - websocket
- name: golang.org/x/oauth2
  version: 314dd2c0bf3ebd592ec0d20847d27e79d0dbe8dd
  subpackages:
  - clientcredentials
  - google
  - internal
  - jws
  - jwt
- name: golang.org/x/sync
  version: f52d1811a62927559de87708c8913c1650ce4f26
  subpackages:
  - errgroup
- name: golang.org/x/sys
  version: d75a52659825e75fff6158388dddc6a5b04f9ba5
  subpackages:
  - unix
- name: golang.org/x/text
  version: 2bf8f2a19ec09c670e931282edfe6567f6be21c9
  subpackages:
  - encoding
  - encoding/charmap
  - encoding/htmlindex
  - encoding/internal
  - encoding/internal/identifier
  - encoding/japanese
  - encoding/korean
  - encoding/simplifiedchinese
  - encoding/traditionalchinese
  - encoding/unicode
  - internal/tag
  - internal/utf8internal
  - language
  - runes
  - transform
- name: golang.org/x/time
  version: 8be79e1e0910c292df4e79c241bb7e8f7e725959
  subpackages:
  - rate
- name: google.golang.org/api
  version: b9d03e6e091e36f9a089515bc84cf14c2d199c4c
  subpackages:
  - bigquery/v2
  - books/v1
  - calendar/v3
  - clouddebugger/v2
  - cloudtrace/v1
  - compute/v1
  - container/v1
  - dfareporting/v2.2
  - drive/v2
  - fitness/v1
  - gensupport
  - gmail/v1
  - google-api-go-generator/internal/disco
  - googleapi
  - googleapi/internal/uritemplates
  - googleapi/transport
  - internal
  - iterator
  - iterator/testing
  - mapsengine/v1
  - mirror/v1
  - option
  - prediction/v1.6
  - pubsub
  - pubsub/v1
  - pubsub/v1beta2
  - storage/v1
  - support/bundler
  - tasks/v1
  - transport
  - transport/bytestream/internal
  - urlshortener/v1
  - youtube/v3
- name: google.golang.org/appengine
  version: 08a149cfaee099e6ce4be01c0113a78c85ee1dee
  subpackages:
  - file
  - internal
  - internal/app_identity
  - internal/base
  - internal/datastore
  - internal/log
  - internal/modules
  - internal/remote_api
  - internal/socket
  - internal/urlfetch
  - internal/user
  - log
  - socket
  - urlfetch
  - user
- name: google.golang.org/genproto
  version: aa2eb687b4d3e17154372564ad8d6bf11c3cf21f
  subpackages:
  - googleapis/api
  - googleapis/api/annotations
  - googleapis/api/configchange
  - googleapis/api/distribution
  - googleapis/api/httpbody
  - googleapis/api/label
  - googleapis/api/metric
  - googleapis/api/monitoredres
  - googleapis/api/serviceconfig
  - googleapis/bigtable/admin/v2
  - googleapis/bigtable/v2
  - googleapis/bytestream
  - googleapis/cloud/audit
  - googleapis/cloud/language/v1
  - googleapis/cloud/speech/v1beta1
  - googleapis/cloud/vision/v1
  - googleapis/datastore/v1
  - googleapis/devtools/clouddebugger/v2
  - googleapis/devtools/clouderrorreporting/v1beta1
  - googleapis/devtools/cloudtrace/v1
  - googleapis/devtools/source/v1
  - googleapis/iam/admin/v1
  - googleapis/iam/v1
  - googleapis/logging/type
  - googleapis/logging/v2
  - googleapis/longrunning
  - googleapis/monitoring/v3
  - googleapis/pubsub/v1
  - googleapis/rpc/code
  - googleapis/rpc/status
  - googleapis/type/color
  - googleapis/type/date
  - googleapis/type/latlng
  - googleapis/type/money
  - googleapis/type/timeofday
  - protobuf
  - protobuf/api
  - protobuf/field_mask
  - protobuf/ptype
  - protobuf/source_context
- name: google.golang.org/grpc
  version: 50955793b0183f9de69bd78e2ec251cf20aab121
  subpackages:
  - benchmark
  - benchmark/grpc_testing
  - benchmark/stats
  - codes
  - credentials
  - credentials/oauth
  - examples/helloworld/helloworld
  - examples/route_guide/routeguide
  - grpclb/grpc_lb_v1
  - grpclog
  - health
  - health/grpc_health_v1
  - internal
  - interop
  - interop/grpc_testing
  - metadata
  - naming
  - peer
  - reflection
  - reflection/grpc_reflection_v1alpha
  - reflection/grpc_testing
  - stats
  - stats/grpc_testing
  - stress/grpc_testing
  - tap
  - test/codec_perf
  - test/grpc_testing
  - transport
- name: gopkg.in/urfave/cli.v1
  version: 0bdeddeeb0f650497d603c4ad7b20cfe685682f6
- name: gopkg.in/yaml.v2
  version: cd8b52f8269e0feb286dfeef29f8fe4d5b397e0b
testImports:
- name: github.com/onsi/gomega
  version: c990b8b3a34c8814a6657daebe8e19ff4d9647a1
  subpackages:
  - format
  - internal/assertion
  - internal/asyncassertion
  - internal/oraclematcher
  - internal/testingtsupport
  - matchers
  - matchers/support/goraph/bipartitegraph
  - matchers/support/goraph/edge
  - matchers/support/goraph/node
  - matchers/support/goraph/util
  - types
- name: gopkg.in/check.v1
  version: 20d25e2804050c1cd24a7eea1e7a6447dd0e74ec
